dependencies:
- name: catalogdb
  repository: file://charts/catalogdb
  version: 0.1.0
- name: rabbitmq
  repository: file://charts/rabbitmq
  version: 0.1.0
- name: redis
  repository: file://charts/redis
  version: 0.1.0
- name: basket-api
  repository: file://charts/basket
  version: 0.1.0
- name: catalog-api
  repository: file://charts/catalog
  version: 0.1.0
- name: identity-api
  repository: file://charts/identity
  version: 0.1.0
digest: sha256:c8e349a5adf9d4e5280524fe653e3628406a090dc19bfaa93494756e8a2314ec
generated: "2025-06-28T16:04:11.62574511+02:00"
