dependencies:
- name: catalogdb
  repository: file://charts/catalogdb
  version: 0.1.0
- name: rabbitmq
  repository: file://charts/rabbitmq
  version: 0.1.0
- name: redis
  repository: file://charts/redis
  version: 0.1.0
digest: sha256:386cf1f33b9f70cb4d34bc9a63ea81230121e37283a43ef9bf960b562292a3cc
generated: "2025-06-24T11:39:35.548552887Z"
