dependencies:
- name: Basket-chart
  repository: ""
  version: 0.1.0
- name: Catalog-chart
  repository: ""
  version: 0.1.0
- name: Identity-chart
  repository: ""
  version: 0.1.0
- name: Ordering-chart
  repository: ""
  version: 0.1.0
- name: OrderProcessor-chart
  repository: ""
  version: 0.1.0
- name: PaymentProcessor-chart
  repository: ""
  version: 0.1.0
- name: Webhooks-chart
  repository: ""
  version: 0.1.0
- name: MobileBff-chart
  repository: ""
  version: 0.1.0
- name: Webapp-chart
  repository: ""
  version: 0.1.0
- name: CatalogDb-chart
  repository: ""
  version: 0.1.0
- name: Redis-chart
  repository: ""
  version: 0.1.0
- name: RabbitMQ-chart
  repository: ""
  version: 0.1.0
digest: sha256:8730647e0c00c6f009038d9ad9a4dadc51ac5724bcfb248ddfda2be7b0ea1ab3
generated: "2025-06-15T15:03:36.46097125+02:00"
